// !$*UTF8*$!
{
	archiveVersion = 1;
	classes = {
	};
	objectVersion = 45;
	objects = {

/* Begin PBXBuildFile section */
		1D3623260D0F684500981E51 /* LBSignAppDelegate.m in Sources */ = {isa = PBXBuildFile; fileRef = 1D3623250D0F684500981E51 /* LBSignAppDelegate.m */; };
		1D60589B0D05DD56006BFB54 /* main.m in Sources */ = {isa = PBXBuildFile; fileRef = 29B97316FDCFA39411CA2CEA /* main.m */; };
		1D60589F0D05DD5A006BFB54 /* Foundation.framework in Frameworks */ = {isa = PBXBuildFile; fileRef = 1D30AB110D05D00D00671497 /* Foundation.framework */; };
		1DF5F4E00D08C38300B7A737 /* UIKit.framework in Frameworks */ = {isa = PBXBuildFile; fileRef = 1DF5F4DF0D08C38300B7A737 /* UIKit.framework */; };
		288765A50DF7441C002DB57D /* CoreGraphics.framework in Frameworks */ = {isa = PBXBuildFile; fileRef = 288765A40DF7441C002DB57D /* CoreGraphics.framework */; };
		2899E5220DE3E06400AC0155 /* LBSignViewController.xib in Resources */ = {isa = PBXBuildFile; fileRef = 2899E5210DE3E06400AC0155 /* LBSignViewController.xib */; };
		28AD733F0D9D9553002E5188 /* MainWindow.xib in Resources */ = {isa = PBXBuildFile; fileRef = 28AD733E0D9D9553002E5188 /* MainWindow.xib */; };
		28D7ACF80DDB3853001CB0EB /* LBSignViewController.m in Sources */ = {isa = PBXBuildFile; fileRef = 28D7ACF70DDB3853001CB0EB /* LBSignViewController.m */; };
		4955E83311E6937800445FB6 /* PlayListVideoItem.m in Sources */ = {isa = PBXBuildFile; fileRef = 4955E83211E6937800445FB6 /* PlayListVideoItem.m */; };
		4955E88D11E69A0D00445FB6 /* PlayListImageItem.m in Sources */ = {isa = PBXBuildFile; fileRef = 4955E88C11E69A0D00445FB6 /* PlayListImageItem.m */; };
		4959A7EA120D79A200CC1A6C /* Icon.png in Resources */ = {isa = PBXBuildFile; fileRef = 4959A7E9120D79A200CC1A6C /* Icon.png */; };
		49649FDC11D3B58000082DF1 /* MediaPlayer.framework in Frameworks */ = {isa = PBXBuildFile; fileRef = 49649FDB11D3B58000082DF1 /* MediaPlayer.framework */; };
		4997350812E7E8F6001AB1A0 /* PlayerSetup.m in Sources */ = {isa = PBXBuildFile; fileRef = 4997350612E7E8F6001AB1A0 /* PlayerSetup.m */; };
		4997350912E7E8F6001AB1A0 /* PlayerSetup.xib in Resources */ = {isa = PBXBuildFile; fileRef = 4997350712E7E8F6001AB1A0 /* PlayerSetup.xib */; };
		49997BB912064F6200BA7741 /* QuartzCore.framework in Frameworks */ = {isa = PBXBuildFile; fileRef = 49997BB812064F6200BA7741 /* QuartzCore.framework */; };
		49C4A1B211E16F44008C9EDA /* PlayListItem.m in Sources */ = {isa = PBXBuildFile; fileRef = 49C4A1B111E16F44008C9EDA /* PlayListItem.m */; };
		49DB2F2112E3034500773BB8 /* CoreFoundation.framework in Frameworks */ = {isa = PBXBuildFile; fileRef = 49DB2F2012E3034500773BB8 /* CoreFoundation.framework */; };
		49DB2F2512E3034C00773BB8 /* CFNetwork.framework in Frameworks */ = {isa = PBXBuildFile; fileRef = 49DB2F2412E3034C00773BB8 /* CFNetwork.framework */; };
/* End PBXBuildFile section */

/* Begin PBXFileReference section */
		1D30AB110D05D00D00671497 /* Foundation.framework */ = {isa = PBXFileReference; lastKnownFileType = wrapper.framework; name = Foundation.framework; path = System/Library/Frameworks/Foundation.framework; sourceTree = SDKROOT; };
		1D3623240D0F684500981E51 /* LBSignAppDelegate.h */ = {isa = PBXFileReference; fileEncoding = 4; lastKnownFileType = sourcecode.c.h; path = LBSignAppDelegate.h; sourceTree = "<group>"; };
		1D3623250D0F684500981E51 /* LBSignAppDelegate.m */ = {isa = PBXFileReference; fileEncoding = 4; lastKnownFileType = sourcecode.c.objc; path = LBSignAppDelegate.m; sourceTree = "<group>"; };
		1D6058910D05DD3D006BFB54 /* LBSign.app */ = {isa = PBXFileReference; explicitFileType = wrapper.application; includeInIndex = 0; path = LBSign.app; sourceTree = BUILT_PRODUCTS_DIR; };
		1DF5F4DF0D08C38300B7A737 /* UIKit.framework */ = {isa = PBXFileReference; lastKnownFileType = wrapper.framework; name = UIKit.framework; path = System/Library/Frameworks/UIKit.framework; sourceTree = SDKROOT; };
		288765A40DF7441C002DB57D /* CoreGraphics.framework */ = {isa = PBXFileReference; lastKnownFileType = wrapper.framework; name = CoreGraphics.framework; path = System/Library/Frameworks/CoreGraphics.framework; sourceTree = SDKROOT; };
		2899E5210DE3E06400AC0155 /* LBSignViewController.xib */ = {isa = PBXFileReference; lastKnownFileType = file.xib; path = LBSignViewController.xib; sourceTree = "<group>"; };
		28AD733E0D9D9553002E5188 /* MainWindow.xib */ = {isa = PBXFileReference; lastKnownFileType = file.xib; path = MainWindow.xib; sourceTree = "<group>"; };
		28D7ACF60DDB3853001CB0EB /* LBSignViewController.h */ = {isa = PBXFileReference; fileEncoding = 4; lastKnownFileType = sourcecode.c.h; path = LBSignViewController.h; sourceTree = "<group>"; };
		28D7ACF70DDB3853001CB0EB /* LBSignViewController.m */ = {isa = PBXFileReference; fileEncoding = 4; lastKnownFileType = sourcecode.c.objc; path = LBSignViewController.m; sourceTree = "<group>"; };
		29B97316FDCFA39411CA2CEA /* main.m */ = {isa = PBXFileReference; fileEncoding = 4; lastKnownFileType = sourcecode.c.objc; path = main.m; sourceTree = "<group>"; };
		32CA4F630368D1EE00C91783 /* LBSign_Prefix.pch */ = {isa = PBXFileReference; fileEncoding = 4; lastKnownFileType = sourcecode.c.h; path = LBSign_Prefix.pch; sourceTree = "<group>"; };
		4955E83111E6937800445FB6 /* PlayListVideoItem.h */ = {isa = PBXFileReference; fileEncoding = 4; lastKnownFileType = sourcecode.c.h; path = PlayListVideoItem.h; sourceTree = "<group>"; };
		4955E83211E6937800445FB6 /* PlayListVideoItem.m */ = {isa = PBXFileReference; fileEncoding = 4; lastKnownFileType = sourcecode.c.objc; path = PlayListVideoItem.m; sourceTree = "<group>"; };
		4955E88B11E69A0D00445FB6 /* PlayListImageItem.h */ = {isa = PBXFileReference; fileEncoding = 4; lastKnownFileType = sourcecode.c.h; path = PlayListImageItem.h; sourceTree = "<group>"; };
		4955E88C11E69A0D00445FB6 /* PlayListImageItem.m */ = {isa = PBXFileReference; fileEncoding = 4; lastKnownFileType = sourcecode.c.objc; path = PlayListImageItem.m; sourceTree = "<group>"; };
		4959A7E9120D79A200CC1A6C /* Icon.png */ = {isa = PBXFileReference; lastKnownFileType = image.png; path = Icon.png; sourceTree = "<group>"; };
		49649FDB11D3B58000082DF1 /* MediaPlayer.framework */ = {isa = PBXFileReference; lastKnownFileType = wrapper.framework; name = MediaPlayer.framework; path = System/Library/Frameworks/MediaPlayer.framework; sourceTree = SDKROOT; };
		4997350512E7E8F6001AB1A0 /* PlayerSetup.h */ = {isa = PBXFileReference; fileEncoding = 4; lastKnownFileType = sourcecode.c.h; path = PlayerSetup.h; sourceTree = "<group>"; };
		4997350612E7E8F6001AB1A0 /* PlayerSetup.m */ = {isa = PBXFileReference; fileEncoding = 4; lastKnownFileType = sourcecode.c.objc; path = PlayerSetup.m; sourceTree = "<group>"; };
		4997350712E7E8F6001AB1A0 /* PlayerSetup.xib */ = {isa = PBXFileReference; lastKnownFileType = file.xib; name = PlayerSetup.xib; path = Classes/PlayerSetup.xib; sourceTree = "<group>"; };
		49997BB812064F6200BA7741 /* QuartzCore.framework */ = {isa = PBXFileReference; lastKnownFileType = wrapper.framework; name = QuartzCore.framework; path = System/Library/Frameworks/QuartzCore.framework; sourceTree = SDKROOT; };
		49C4A1B011E16F44008C9EDA /* PlayListItem.h */ = {isa = PBXFileReference; fileEncoding = 4; lastKnownFileType = sourcecode.c.h; path = PlayListItem.h; sourceTree = "<group>"; };
		49C4A1B111E16F44008C9EDA /* PlayListItem.m */ = {isa = PBXFileReference; fileEncoding = 4; lastKnownFileType = sourcecode.c.objc; path = PlayListItem.m; sourceTree = "<group>"; };
		49DB2F2012E3034500773BB8 /* CoreFoundation.framework */ = {isa = PBXFileReference; lastKnownFileType = wrapper.framework; name = CoreFoundation.framework; path = System/Library/Frameworks/CoreFoundation.framework; sourceTree = SDKROOT; };
		49DB2F2412E3034C00773BB8 /* CFNetwork.framework */ = {isa = PBXFileReference; lastKnownFileType = wrapper.framework; name = CFNetwork.framework; path = System/Library/Frameworks/CFNetwork.framework; sourceTree = SDKROOT; };
		8D1107310486CEB800E47090 /* LBSign-Info.plist */ = {isa = PBXFileReference; fileEncoding = 4; lastKnownFileType = text.plist.xml; path = "LBSign-Info.plist"; plistStructureDefinitionIdentifier = "com.apple.xcode.plist.structure-definition.iphone.info-plist"; sourceTree = "<group>"; };
/* End PBXFileReference section */

/* Begin PBXFrameworksBuildPhase section */
		1D60588F0D05DD3D006BFB54 /* Frameworks */ = {
			isa = PBXFrameworksBuildPhase;
			buildActionMask = 2147483647;
			files = (
				1D60589F0D05DD5A006BFB54 /* Foundation.framework in Frameworks */,
				1DF5F4E00D08C38300B7A737 /* UIKit.framework in Frameworks */,
				288765A50DF7441C002DB57D /* CoreGraphics.framework in Frameworks */,
				49649FDC11D3B58000082DF1 /* MediaPlayer.framework in Frameworks */,
				49997BB912064F6200BA7741 /* QuartzCore.framework in Frameworks */,
				49DB2F2112E3034500773BB8 /* CoreFoundation.framework in Frameworks */,
				49DB2F2512E3034C00773BB8 /* CFNetwork.framework in Frameworks */,
			);
			runOnlyForDeploymentPostprocessing = 0;
		};
/* End PBXFrameworksBuildPhase section */

/* Begin PBXGroup section */
		080E96DDFE201D6D7F000001 /* Classes */ = {
			isa = PBXGroup;
			children = (
				1D3623240D0F684500981E51 /* LBSignAppDelegate.h */,
				1D3623250D0F684500981E51 /* LBSignAppDelegate.m */,
				4997350512E7E8F6001AB1A0 /* PlayerSetup.h */,
				4997350612E7E8F6001AB1A0 /* PlayerSetup.m */,
				28D7ACF60DDB3853001CB0EB /* LBSignViewController.h */,
				28D7ACF70DDB3853001CB0EB /* LBSignViewController.m */,
				49C4A1B011E16F44008C9EDA /* PlayListItem.h */,
				49C4A1B111E16F44008C9EDA /* PlayListItem.m */,
				4955E83111E6937800445FB6 /* PlayListVideoItem.h */,
				4955E83211E6937800445FB6 /* PlayListVideoItem.m */,
				4955E88B11E69A0D00445FB6 /* PlayListImageItem.h */,
				4955E88C11E69A0D00445FB6 /* PlayListImageItem.m */,
			);
			path = Classes;
			sourceTree = "<group>";
		};
		19C28FACFE9D520D11CA2CBB /* Products */ = {
			isa = PBXGroup;
			children = (
				1D6058910D05DD3D006BFB54 /* LBSign.app */,
			);
			name = Products;
			sourceTree = "<group>";
		};
		29B97314FDCFA39411CA2CEA /* CustomTemplate */ = {
			isa = PBXGroup;
			children = (
				080E96DDFE201D6D7F000001 /* Classes */,
				29B97315FDCFA39411CA2CEA /* Other Sources */,
				29B97317FDCFA39411CA2CEA /* Resources */,
				29B97323FDCFA39411CA2CEA /* Frameworks */,
				19C28FACFE9D520D11CA2CBB /* Products */,
			);
			name = CustomTemplate;
			sourceTree = "<group>";
		};
		29B97315FDCFA39411CA2CEA /* Other Sources */ = {
			isa = PBXGroup;
			children = (
				32CA4F630368D1EE00C91783 /* LBSign_Prefix.pch */,
				29B97316FDCFA39411CA2CEA /* main.m */,
			);
			name = "Other Sources";
			sourceTree = "<group>";
		};
		29B97317FDCFA39411CA2CEA /* Resources */ = {
			isa = PBXGroup;
			children = (
				4959A7E9120D79A200CC1A6C /* Icon.png */,
				28AD733E0D9D9553002E5188 /* MainWindow.xib */,
				4997350712E7E8F6001AB1A0 /* PlayerSetup.xib */,
				2899E5210DE3E06400AC0155 /* LBSignViewController.xib */,
				8D1107310486CEB800E47090 /* LBSign-Info.plist */,
			);
			name = Resources;
			sourceTree = "<group>";
		};
		29B97323FDCFA39411CA2CEA /* Frameworks */ = {
			isa = PBXGroup;
			children = (
				1DF5F4DF0D08C38300B7A737 /* UIKit.framework */,
				1D30AB110D05D00D00671497 /* Foundation.framework */,
				288765A40DF7441C002DB57D /* CoreGraphics.framework */,
				49649FDB11D3B58000082DF1 /* MediaPlayer.framework */,
				49997BB812064F6200BA7741 /* QuartzCore.framework */,
				49DB2F2012E3034500773BB8 /* CoreFoundation.framework */,
				49DB2F2412E3034C00773BB8 /* CFNetwork.framework */,
			);
			name = Frameworks;
			sourceTree = "<group>";
		};
/* End PBXGroup section */

/* Begin PBXNativeTarget section */
		1D6058900D05DD3D006BFB54 /* LBSign */ = {
			isa = PBXNativeTarget;
			buildConfigurationList = 1D6058960D05DD3E006BFB54 /* Build configuration list for PBXNativeTarget "LBSign" */;
			buildPhases = (
				1D60588D0D05DD3D006BFB54 /* Resources */,
				1D60588E0D05DD3D006BFB54 /* Sources */,
				1D60588F0D05DD3D006BFB54 /* Frameworks */,
			);
			buildRules = (
			);
			dependencies = (
			);
			name = LBSign;
			productName = LBSign;
			productReference = 1D6058910D05DD3D006BFB54 /* LBSign.app */;
			productType = "com.apple.product-type.application";
		};
/* End PBXNativeTarget section */

/* Begin PBXProject section */
		29B97313FDCFA39411CA2CEA /* Project object */ = {
			isa = PBXProject;
			buildConfigurationList = C01FCF4E08A954540054247B /* Build configuration list for PBXProject "LBSign" */;
			compatibilityVersion = "Xcode 3.1";
			developmentRegion = English;
			hasScannedForEncodings = 1;
			knownRegions = (
				English,
				Japanese,
				French,
				German,
			);
			mainGroup = 29B97314FDCFA39411CA2CEA /* CustomTemplate */;
			projectDirPath = "";
			projectRoot = "";
			targets = (
				1D6058900D05DD3D006BFB54 /* LBSign */,
			);
		};
/* End PBXProject section */

/* Begin PBXResourcesBuildPhase section */
		1D60588D0D05DD3D006BFB54 /* Resources */ = {
			isa = PBXResourcesBuildPhase;
			buildActionMask = 2147483647;
			files = (
				28AD733F0D9D9553002E5188 /* MainWindow.xib in Resources */,
				2899E5220DE3E06400AC0155 /* LBSignViewController.xib in Resources */,
				4959A7EA120D79A200CC1A6C /* Icon.png in Resources */,
				4997350912E7E8F6001AB1A0 /* PlayerSetup.xib in Resources */,
			);
			runOnlyForDeploymentPostprocessing = 0;
		};
/* End PBXResourcesBuildPhase section */

/* Begin PBXSourcesBuildPhase section */
		1D60588E0D05DD3D006BFB54 /* Sources */ = {
			isa = PBXSourcesBuildPhase;
			buildActionMask = 2147483647;
			files = (
				1D60589B0D05DD56006BFB54 /* main.m in Sources */,
				1D3623260D0F684500981E51 /* LBSignAppDelegate.m in Sources */,
				28D7ACF80DDB3853001CB0EB /* LBSignViewController.m in Sources */,
				49C4A1B211E16F44008C9EDA /* PlayListItem.m in Sources */,
				4955E83311E6937800445FB6 /* PlayListVideoItem.m in Sources */,
				4955E88D11E69A0D00445FB6 /* PlayListImageItem.m in Sources */,
				4997350812E7E8F6001AB1A0 /* PlayerSetup.m in Sources */,
			);
			runOnlyForDeploymentPostprocessing = 0;
		};
/* End PBXSourcesBuildPhase section */

/* Begin XCBuildConfiguration section */
		1D6058940D05DD3E006BFB54 /* Debug */ = {
			isa = XCBuildConfiguration;
			buildSettings = {
				ALWAYS_SEARCH_USER_PATHS = NO;
				CODE_SIGN_IDENTITY = "Jailbroken Developer";
				COPY_PHASE_STRIP = NO;
				GCC_DYNAMIC_NO_PIC = NO;
				GCC_OPTIMIZATION_LEVEL = 0;
				GCC_PRECOMPILE_PREFIX_HEADER = YES;
				GCC_PREFIX_HEADER = LBSign_Prefix.pch;
				INFOPLIST_FILE = "LBSign-Info.plist";
				PRODUCT_NAME = LBSign;
			};
			name = Debug;
		};
		1D6058950D05DD3E006BFB54 /* Release */ = {
			isa = XCBuildConfiguration;
			buildSettings = {
				ALWAYS_SEARCH_USER_PATHS = NO;
				CODE_SIGN_IDENTITY = "Jailbroken Developer";
				"CODE_SIGN_IDENTITY[sdk=iphoneos*]" = "Jailbroken Developer";
				COPY_PHASE_STRIP = YES;
				GCC_PRECOMPILE_PREFIX_HEADER = YES;
				GCC_PREFIX_HEADER = LBSign_Prefix.pch;
				INFOPLIST_FILE = "LBSign-Info.plist";
				PRODUCT_NAME = LBSign;
				VALIDATE_PRODUCT = YES;
			};
			name = Release;
		};
		C01FCF4F08A954540054247B /* Debug */ = {
			isa = XCBuildConfiguration;
			buildSettings = {
				ARCHS = "$(ARCHS_STANDARD_32_BIT)";
				CODE_SIGN_IDENTITY = "Don't Code Sign";
				"CODE_SIGN_IDENTITY[sdk=iphoneos*]" = "";
				GCC_C_LANGUAGE_STANDARD = c99;
				GCC_WARN_ABOUT_RETURN_TYPE = YES;
				GCC_WARN_UNUSED_VARIABLE = YES;
				PREBINDING = NO;
				SDKROOT = iphoneos4.1;
			};
			name = Debug;
		};
		C01FCF5008A954540054247B /* Release */ = {
			isa = XCBuildConfiguration;
			buildSettings = {
				ARCHS = "$(ARCHS_STANDARD_32_BIT)";
				CODE_SIGN_IDENTITY = "Jailbroken Developer";
				"CODE_SIGN_IDENTITY[sdk=iphoneos*]" = "Jailbroken Developer";
				GCC_C_LANGUAGE_STANDARD = c99;
				GCC_WARN_ABOUT_RETURN_TYPE = YES;
				GCC_WARN_UNUSED_VARIABLE = YES;
				OTHER_CFLAGS = "-DNS_BLOCK_ASSERTIONS=1";
				PREBINDING = NO;
				SDKROOT = iphoneos4.1;
			};
			name = Release;
		};
/* End XCBuildConfiguration section */

/* Begin XCConfigurationList section */
		1D6058960D05DD3E006BFB54 /* Build configuration list for PBXNativeTarget "LBSign" */ = {
			isa = XCConfigurationList;
			buildConfigurations = (
				1D6058940D05DD3E006BFB54 /* Debug */,
				1D6058950D05DD3E006BFB54 /* Release */,
			);
			defaultConfigurationIsVisible = 0;
			defaultConfigurationName = Release;
		};
		C01FCF4E08A954540054247B /* Build configuration list for PBXProject "LBSign" */ = {
			isa = XCConfigurationList;
			buildConfigurations = (
				C01FCF4F08A954540054247B /* Debug */,
				C01FCF5008A954540054247B /* Release */,
			);
			defaultConfigurationIsVisible = 0;
			defaultConfigurationName = Release;
		};
/* End XCConfigurationList section */
	};
	rootObject = 29B97313FDCFA39411CA2CEA /* Project object */;
}
